{
  "object": {
    "pins": [
      {
        "package": "JSONAPI",
        "repositoryURL": "https://github.com/mattpolzin/JSONAPI.git",
        "state": {
          "branch": null,
          "revision": "bbd6db6d7a999c4109b4166a726a59157d16d875",
          "version": "4.0.0-alpha.2"
        }
      },
      {
        "package": "Poly",
        "repositoryURL": "https://github.com/mattpolzin/Poly",
        "state": {
          "branch": null,
          "revision": "9031b8497e025cbcfae196e59eecad5ba988e267",
          "version": "2.4.0"
        }
      }
    ]
  },
  "version": 1
}
